// !$*UTF8*$!
{
	archiveVersion = 1;
	classes = {
	};
	objectVersion = 56;
	objects = {

/* Begin PBXBuildFile section */
		C55F37C82A49830E00FA6FAD /* MyCreditManagerTest.swift in Sources */ = {isa = PBXBuildFile; fileRef = C55F37C72A49830E00FA6FAD /* MyCreditManagerTest.swift */; };
		C55F37CD2A4ADED300FA6FAD /* InputInfoTrio.swift in Sources */ = {isa = PBXBuildFile; fileRef = C55F37CC2A4ADED300FA6FAD /* InputInfoTrio.swift */; };
		C55F37CF2A4AE16A00FA6FAD /* MenuSelection.swift in Sources */ = {isa = PBXBuildFile; fileRef = C55F37CE2A4AE16A00FA6FAD /* MenuSelection.swift */; };
		C5F2DE6829FA6A95006F5A60 /* main.swift in Sources */ = {isa = PBXBuildFile; fileRef = C5F2DE6729FA6A95006F5A60 /* main.swift */; };
		C5F2DE6C2A039D1F006F5A60 /* GuideString+CustomError.swift in Sources */ = {isa = PBXBuildFile; fileRef = C5F2DE6B2A039D1F006F5A60 /* GuideString+CustomError.swift */; };
		C5F649C329F5347D00EFAA6B /* Grades+GradeLetter.swift in Sources */ = {isa = PBXBuildFile; fileRef = C5F649C229F5347D00EFAA6B /* Grades+GradeLetter.swift */; };
/* End PBXBuildFile section */

/* Begin PBXCopyFilesBuildPhase section */
		C5F649BD29F5347D00EFAA6B /* CopyFiles */ = {
			isa = PBXCopyFilesBuildPhase;
			buildActionMask = 2147483647;
			dstPath = /usr/share/man/man1/;
			dstSubfolderSpec = 0;
			files = (
			);
			runOnlyForDeploymentPostprocessing = 1;
		};
/* End PBXCopyFilesBuildPhase section */

/* Begin PBXFileReference section */
		C55F37C52A49830E00FA6FAD /* MyCreditManagerTest.xctest */ = {isa = PBXFileReference; explicitFileType = wrapper.cfbundle; includeInIndex = 0; path = MyCreditManagerTest.xctest; sourceTree = BUILT_PRODUCTS_DIR; };
		C55F37C72A49830E00FA6FAD /* MyCreditManagerTest.swift */ = {isa = PBXFileReference; lastKnownFileType = sourcecode.swift; path = MyCreditManagerTest.swift; sourceTree = "<group>"; };
		C55F37CC2A4ADED300FA6FAD /* InputInfoTrio.swift */ = {isa = PBXFileReference; lastKnownFileType = sourcecode.swift; path = InputInfoTrio.swift; sourceTree = "<group>"; };
		C55F37CE2A4AE16A00FA6FAD /* MenuSelection.swift */ = {isa = PBXFileReference; lastKnownFileType = sourcecode.swift; path = MenuSelection.swift; sourceTree = "<group>"; };
		C5F2DE6729FA6A95006F5A60 /* main.swift */ = {isa = PBXFileReference; lastKnownFileType = sourcecode.swift; path = main.swift; sourceTree = "<group>"; };
		C5F2DE6A2A038DD8006F5A60 /* .swiftlint.yml */ = {isa = PBXFileReference; lastKnownFileType = text.yaml; path = .swiftlint.yml; sourceTree = "<group>"; };
		C5F2DE6B2A039D1F006F5A60 /* GuideString+CustomError.swift */ = {isa = PBXFileReference; lastKnownFileType = sourcecode.swift; path = "GuideString+CustomError.swift"; sourceTree = "<group>"; };
		C5F649BF29F5347D00EFAA6B /* MyCreditManager */ = {isa = PBXFileReference; explicitFileType = "compiled.mach-o.executable"; includeInIndex = 0; path = MyCreditManager; sourceTree = BUILT_PRODUCTS_DIR; };
		C5F649C229F5347D00EFAA6B /* Grades+GradeLetter.swift */ = {isa = PBXFileReference; lastKnownFileType = sourcecode.swift; path = "Grades+GradeLetter.swift"; sourceTree = "<group>"; };
/* End PBXFileReference section */

/* Begin PBXFrameworksBuildPhase section */
		C55F37C22A49830E00FA6FAD /* Frameworks */ = {
			isa = PBXFrameworksBuildPhase;
			buildActionMask = 2147483647;
			files = (
			);
			runOnlyForDeploymentPostprocessing = 0;
		};
		C5F649BC29F5347D00EFAA6B /* Frameworks */ = {
			isa = PBXFrameworksBuildPhase;
			buildActionMask = 2147483647;
			files = (
			);
			runOnlyForDeploymentPostprocessing = 0;
		};
/* End PBXFrameworksBuildPhase section */

/* Begin PBXGroup section */
		C55F37C62A49830E00FA6FAD /* MyCreditManagerTest */ = {
			isa = PBXGroup;
			children = (
				C55F37C72A49830E00FA6FAD /* MyCreditManagerTest.swift */,
			);
			path = MyCreditManagerTest;
			sourceTree = "<group>";
		};
		C5F649B629F5347D00EFAA6B = {
			isa = PBXGroup;
			children = (
				C5F649C129F5347D00EFAA6B /* MyCreditManager */,
				C55F37C62A49830E00FA6FAD /* MyCreditManagerTest */,
				C5F649C029F5347D00EFAA6B /* Products */,
			);
			sourceTree = "<group>";
		};
		C5F649C029F5347D00EFAA6B /* Products */ = {
			isa = PBXGroup;
			children = (
				C5F649BF29F5347D00EFAA6B /* MyCreditManager */,
				C55F37C52A49830E00FA6FAD /* MyCreditManagerTest.xctest */,
			);
			name = Products;
			sourceTree = "<group>";
		};
		C5F649C129F5347D00EFAA6B /* MyCreditManager */ = {
			isa = PBXGroup;
			children = (
				C5F2DE6729FA6A95006F5A60 /* main.swift */,
				C5F649C229F5347D00EFAA6B /* Grades+GradeLetter.swift */,
				C5F2DE6B2A039D1F006F5A60 /* GuideString+CustomError.swift */,
				C55F37CE2A4AE16A00FA6FAD /* MenuSelection.swift */,
				C55F37CC2A4ADED300FA6FAD /* InputInfoTrio.swift */,
				C5F2DE6A2A038DD8006F5A60 /* .swiftlint.yml */,
			);
			path = MyCreditManager;
			sourceTree = "<group>";
		};
/* End PBXGroup section */

/* Begin PBXNativeTarget section */
		C55F37C42A49830E00FA6FAD /* MyCreditManagerTest */ = {
			isa = PBXNativeTarget;
			buildConfigurationList = C55F37CB2A49830E00FA6FAD /* Build configuration list for PBXNativeTarget "MyCreditManagerTest" */;
			buildPhases = (
				C55F37C12A49830E00FA6FAD /* Sources */,
				C55F37C22A49830E00FA6FAD /* Frameworks */,
				C55F37C32A49830E00FA6FAD /* Resources */,
			);
			buildRules = (
			);
			dependencies = (
			);
			name = MyCreditManagerTest;
			productName = MyCreditManagerTest;
			productReference = C55F37C52A49830E00FA6FAD /* MyCreditManagerTest.xctest */;
			productType = "com.apple.product-type.bundle.unit-test";
		};
		C5F649BE29F5347D00EFAA6B /* MyCreditManager */ = {
			isa = PBXNativeTarget;
			buildConfigurationList = C5F649C629F5347D00EFAA6B /* Build configuration list for PBXNativeTarget "MyCreditManager" */;
			buildPhases = (
				C5F2DE692A038CE6006F5A60 /* Run SwiftLint */,
				C5F649BB29F5347D00EFAA6B /* Sources */,
				C5F649BC29F5347D00EFAA6B /* Frameworks */,
				C5F649BD29F5347D00EFAA6B /* CopyFiles */,
			);
			buildRules = (
			);
			dependencies = (
			);
			name = MyCreditManager;
			productName = MyCreditManager;
			productReference = C5F649BF29F5347D00EFAA6B /* MyCreditManager */;
			productType = "com.apple.product-type.tool";
		};
/* End PBXNativeTarget section */

/* Begin PBXProject section */
		C5F649B729F5347D00EFAA6B /* Project object */ = {
			isa = PBXProject;
			attributes = {
				BuildIndependentTargetsInParallel = 1;
				LastSwiftUpdateCheck = 1420;
				LastUpgradeCheck = 1420;
				TargetAttributes = {
					C55F37C42A49830E00FA6FAD = {
						CreatedOnToolsVersion = 14.2;
					};
					C5F649BE29F5347D00EFAA6B = {
						CreatedOnToolsVersion = 14.2;
					};
				};
			};
			buildConfigurationList = C5F649BA29F5347D00EFAA6B /* Build configuration list for PBXProject "MyCreditManager" */;
			compatibilityVersion = "Xcode 14.0";
			developmentRegion = en;
			hasScannedForEncodings = 0;
			knownRegions = (
				en,
				Base,
			);
			mainGroup = C5F649B629F5347D00EFAA6B;
			productRefGroup = C5F649C029F5347D00EFAA6B /* Products */;
			projectDirPath = "";
			projectRoot = "";
			targets = (
				C5F649BE29F5347D00EFAA6B /* MyCreditManager */,
				C55F37C42A49830E00FA6FAD /* MyCreditManagerTest */,
			);
		};
/* End PBXProject section */

/* Begin PBXResourcesBuildPhase section */
		C55F37C32A49830E00FA6FAD /* Resources */ = {
			isa = PBXResourcesBuildPhase;
			buildActionMask = 2147483647;
			files = (
			);
			runOnlyForDeploymentPostprocessing = 0;
		};
/* End PBXResourcesBuildPhase section */

/* Begin PBXShellScriptBuildPhase section */
		C5F2DE692A038CE6006F5A60 /* Run SwiftLint */ = {
			isa = PBXShellScriptBuildPhase;
			buildActionMask = 2147483647;
			files = (
			);
			inputFileListPaths = (
			);
			inputPaths = (
			);
			name = "Run SwiftLint";
			outputFileListPaths = (
			);
			outputPaths = (
			);
			runOnlyForDeploymentPostprocessing = 0;
			shellPath = /bin/sh;
			shellScript = "export PATH=\"$PATH:/opt/homebrew/bin\"\nif which swiftlint > /dev/null; then\n  swiftlint\nelse\n  echo \"warning: SwiftLint not installed, download from https://github.com/realm/SwiftLint\"\nfi\n";
		};
/* End PBXShellScriptBuildPhase section */

/* Begin PBXSourcesBuildPhase section */
		C55F37C12A49830E00FA6FAD /* Sources */ = {
			isa = PBXSourcesBuildPhase;
			buildActionMask = 2147483647;
			files = (
				C55F37C82A49830E00FA6FAD /* MyCreditManagerTest.swift in Sources */,
			);
			runOnlyForDeploymentPostprocessing = 0;
		};
		C5F649BB29F5347D00EFAA6B /* Sources */ = {
			isa = PBXSourcesBuildPhase;
			buildActionMask = 2147483647;
			files = (
				C55F37CD2A4ADED300FA6FAD /* InputInfoTrio.swift in Sources */,
				C5F649C329F5347D00EFAA6B /* Grades+GradeLetter.swift in Sources */,
				C5F2DE6829FA6A95006F5A60 /* main.swift in Sources */,
				C55F37CF2A4AE16A00FA6FAD /* MenuSelection.swift in Sources */,
				C5F2DE6C2A039D1F006F5A60 /* GuideString+CustomError.swift in Sources */,
			);
			runOnlyForDeploymentPostprocessing = 0;
		};
/* End PBXSourcesBuildPhase section */

/* Begin XCBuildConfiguration section */
		C55F37C92A49830E00FA6FAD /* Debug */ = {
			isa = XCBuildConfiguration;
			buildSettings = {
				CODE_SIGN_STYLE = Automatic;
				CURRENT_PROJECT_VERSION = 1;
				DEVELOPMENT_TEAM = W97GTPRX7R;
				GENERATE_INFOPLIST_FILE = YES;
				IPHONEOS_DEPLOYMENT_TARGET = 16.2;
				MACOSX_DEPLOYMENT_TARGET = 13.1;
				MARKETING_VERSION = 1.0;
				PRODUCT_BUNDLE_IDENTIFIER = com.Tangpie.MyCreditManagerTest;
				PRODUCT_NAME = "$(TARGET_NAME)";
				SDKROOT = auto;
				SUPPORTED_PLATFORMS = "iphoneos iphonesimulator macosx";
				SWIFT_EMIT_LOC_STRINGS = NO;
				SWIFT_VERSION = 5.0;
				TARGETED_DEVICE_FAMILY = "1,2";
			};
			name = Debug;
		};
		C55F37CA2A49830E00FA6FAD /* Release */ = {
			isa = XCBuildConfiguration;
			buildSettings = {
				CODE_SIGN_STYLE = Automatic;
				CURRENT_PROJECT_VERSION = 1;
				DEVELOPMENT_TEAM = W97GTPRX7R;
				GENERATE_INFOPLIST_FILE = YES;
				IPHONEOS_DEPLOYMENT_TARGET = 16.2;
				MACOSX_DEPLOYMENT_TARGET = 13.1;
				MARKETING_VERSION = 1.0;
				PRODUCT_BUNDLE_IDENTIFIER = com.Tangpie.MyCreditManagerTest;
				PRODUCT_NAME = "$(TARGET_NAME)";
				SDKROOT = auto;
				SUPPORTED_PLATFORMS = "iphoneos iphonesimulator macosx";
				SWIFT_EMIT_LOC_STRINGS = NO;
				SWIFT_VERSION = 5.0;
				TARGETED_DEVICE_FAMILY = "1,2";
			};
			name = Release;
		};
		C5F649C429F5347D00EFAA6B /* Debug */ = {
			isa = XCBuildConfiguration;
			buildSettings = {
				ALWAYS_SEARCH_USER_PATHS = NO;
				CLANG_ANALYZER_NONNULL = YES;
				CLANG_ANALYZER_NUMBER_OBJECT_CONVERSION = YES_AGGRESSIVE;
				CLANG_CXX_LANGUAGE_STANDARD = "gnu++20";
				CLANG_ENABLE_MODULES = YES;
				CLANG_ENABLE_OBJC_ARC = YES;
				CLANG_ENABLE_OBJC_WEAK = YES;
				CLANG_WARN_BLOCK_CAPTURE_AUTORELEASING = YES;
				CLANG_WARN_BOOL_CONVERSION = YES;
				CLANG_WARN_COMMA = YES;
				CLANG_WARN_CONSTANT_CONVERSION = YES;
				CLANG_WARN_DEPRECATED_OBJC_IMPLEMENTATIONS = YES;
				CLANG_WARN_DIRECT_OBJC_ISA_USAGE = YES_ERROR;
				CLANG_WARN_DOCUMENTATION_COMMENTS = YES;
				CLANG_WARN_EMPTY_BODY = YES;
				CLANG_WARN_ENUM_CONVERSION = YES;
				CLANG_WARN_INFINITE_RECURSION = YES;
				CLANG_WARN_INT_CONVERSION = YES;
				CLANG_WARN_NON_LITERAL_NULL_CONVERSION = YES;
				CLANG_WARN_OBJC_IMPLICIT_RETAIN_SELF = YES;
				CLANG_WARN_OBJC_LITERAL_CONVERSION = YES;
				CLANG_WARN_OBJC_ROOT_CLASS = YES_ERROR;
				CLANG_WARN_QUOTED_INCLUDE_IN_FRAMEWORK_HEADER = YES;
				CLANG_WARN_RANGE_LOOP_ANALYSIS = YES;
				CLANG_WARN_STRICT_PROTOTYPES = YES;
				CLANG_WARN_SUSPICIOUS_MOVE = YES;
				CLANG_WARN_UNGUARDED_AVAILABILITY = YES_AGGRESSIVE;
				CLANG_WARN_UNREACHABLE_CODE = YES;
				CLANG_WARN__DUPLICATE_METHOD_MATCH = YES;
				COPY_PHASE_STRIP = NO;
				DEBUG_INFORMATION_FORMAT = dwarf;
				ENABLE_STRICT_OBJC_MSGSEND = YES;
				ENABLE_TESTABILITY = YES;
				GCC_C_LANGUAGE_STANDARD = gnu11;
				GCC_DYNAMIC_NO_PIC = NO;
				GCC_NO_COMMON_BLOCKS = YES;
				GCC_OPTIMIZATION_LEVEL = 0;
				GCC_PREPROCESSOR_DEFINITIONS = (
					"DEBUG=1",
					"$(inherited)",
				);
				GCC_WARN_64_TO_32_BIT_CONVERSION = YES;
				GCC_WARN_ABOUT_RETURN_TYPE = YES_ERROR;
				GCC_WARN_UNDECLARED_SELECTOR = YES;
				GCC_WARN_UNINITIALIZED_AUTOS = YES_AGGRESSIVE;
				GCC_WARN_UNUSED_FUNCTION = YES;
				GCC_WARN_UNUSED_VARIABLE = YES;
				MACOSX_DEPLOYMENT_TARGET = 13.1;
				MTL_ENABLE_DEBUG_INFO = INCLUDE_SOURCE;
				MTL_FAST_MATH = YES;
				ONLY_ACTIVE_ARCH = YES;
				SDKROOT = macosx;
				SWIFT_ACTIVE_COMPILATION_CONDITIONS = DEBUG;
				SWIFT_OPTIMIZATION_LEVEL = "-Onone";
			};
			name = Debug;
		};
		C5F649C529F5347D00EFAA6B /* Release */ = {
			isa = XCBuildConfiguration;
			buildSettings = {
				ALWAYS_SEARCH_USER_PATHS = NO;
				CLANG_ANALYZER_NONNULL = YES;
				CLANG_ANALYZER_NUMBER_OBJECT_CONVERSION = YES_AGGRESSIVE;
				CLANG_CXX_LANGUAGE_STANDARD = "gnu++20";
				CLANG_ENABLE_MODULES = YES;
				CLANG_ENABLE_OBJC_ARC = YES;
				CLANG_ENABLE_OBJC_WEAK = YES;
				CLANG_WARN_BLOCK_CAPTURE_AUTORELEASING = YES;
				CLANG_WARN_BOOL_CONVERSION = YES;
				CLANG_WARN_COMMA = YES;
				CLANG_WARN_CONSTANT_CONVERSION = YES;
				CLANG_WARN_DEPRECATED_OBJC_IMPLEMENTATIONS = YES;
				CLANG_WARN_DIRECT_OBJC_ISA_USAGE = YES_ERROR;
				CLANG_WARN_DOCUMENTATION_COMMENTS = YES;
				CLANG_WARN_EMPTY_BODY = YES;
				CLANG_WARN_ENUM_CONVERSION = YES;
				CLANG_WARN_INFINITE_RECURSION = YES;
				CLANG_WARN_INT_CONVERSION = YES;
				CLANG_WARN_NON_LITERAL_NULL_CONVERSION = YES;
				CLANG_WARN_OBJC_IMPLICIT_RETAIN_SELF = YES;
				CLANG_WARN_OBJC_LITERAL_CONVERSION = YES;
				CLANG_WARN_OBJC_ROOT_CLASS = YES_ERROR;
				CLANG_WARN_QUOTED_INCLUDE_IN_FRAMEWORK_HEADER = YES;
				CLANG_WARN_RANGE_LOOP_ANALYSIS = YES;
				CLANG_WARN_STRICT_PROTOTYPES = YES;
				CLANG_WARN_SUSPICIOUS_MOVE = YES;
				CLANG_WARN_UNGUARDED_AVAILABILITY = YES_AGGRESSIVE;
				CLANG_WARN_UNREACHABLE_CODE = YES;
				CLANG_WARN__DUPLICATE_METHOD_MATCH = YES;
				COPY_PHASE_STRIP = NO;
				DEBUG_INFORMATION_FORMAT = "dwarf-with-dsym";
				ENABLE_NS_ASSERTIONS = NO;
				ENABLE_STRICT_OBJC_MSGSEND = YES;
				GCC_C_LANGUAGE_STANDARD = gnu11;
				GCC_NO_COMMON_BLOCKS = YES;
				GCC_WARN_64_TO_32_BIT_CONVERSION = YES;
				GCC_WARN_ABOUT_RETURN_TYPE = YES_ERROR;
				GCC_WARN_UNDECLARED_SELECTOR = YES;
				GCC_WARN_UNINITIALIZED_AUTOS = YES_AGGRESSIVE;
				GCC_WARN_UNUSED_FUNCTION = YES;
				GCC_WARN_UNUSED_VARIABLE = YES;
				MACOSX_DEPLOYMENT_TARGET = 13.1;
				MTL_ENABLE_DEBUG_INFO = NO;
				MTL_FAST_MATH = YES;
				SDKROOT = macosx;
				SWIFT_COMPILATION_MODE = wholemodule;
				SWIFT_OPTIMIZATION_LEVEL = "-O";
			};
			name = Release;
		};
		C5F649C729F5347D00EFAA6B /* Debug */ = {
			isa = XCBuildConfiguration;
			buildSettings = {
				CODE_SIGN_STYLE = Automatic;
				DEVELOPMENT_TEAM = "";
				ENABLE_HARDENED_RUNTIME = YES;
				PRODUCT_NAME = "$(TARGET_NAME)";
				SWIFT_VERSION = 5.0;
			};
			name = Debug;
		};
		C5F649C829F5347D00EFAA6B /* Release */ = {
			isa = XCBuildConfiguration;
			buildSettings = {
				CODE_SIGN_STYLE = Automatic;
				DEVELOPMENT_TEAM = "";
				ENABLE_HARDENED_RUNTIME = YES;
				PRODUCT_NAME = "$(TARGET_NAME)";
				SWIFT_VERSION = 5.0;
			};
			name = Release;
		};
/* End XCBuildConfiguration section */

/* Begin XCConfigurationList section */
		C55F37CB2A49830E00FA6FAD /* Build configuration list for PBXNativeTarget "MyCreditManagerTest" */ = {
			isa = XCConfigurationList;
			buildConfigurations = (
				C55F37C92A49830E00FA6FAD /* Debug */,
				C55F37CA2A49830E00FA6FAD /* Release */,
			);
			defaultConfigurationIsVisible = 0;
			defaultConfigurationName = Release;
		};
		C5F649BA29F5347D00EFAA6B /* Build configuration list for PBXProject "MyCreditManager" */ = {
			isa = XCConfigurationList;
			buildConfigurations = (
				C5F649C429F5347D00EFAA6B /* Debug */,
				C5F649C529F5347D00EFAA6B /* Release */,
			);
			defaultConfigurationIsVisible = 0;
			defaultConfigurationName = Release;
		};
		C5F649C629F5347D00EFAA6B /* Build configuration list for PBXNativeTarget "MyCreditManager" */ = {
			isa = XCConfigurationList;
			buildConfigurations = (
				C5F649C729F5347D00EFAA6B /* Debug */,
				C5F649C829F5347D00EFAA6B /* Release */,
			);
			defaultConfigurationIsVisible = 0;
			defaultConfigurationName = Release;
		};
/* End XCConfigurationList section */
	};
	rootObject = C5F649B729F5347D00EFAA6B /* Project object */;
}
